{
  "lockfile-version": 0,
  "manifest": {
    "hook": {},
    "install": {
      "chezmoi": {
        "pkg-path": "chezmoi"
      },
      "clang-tools_17": {
        "pkg-path": "clang-tools_17"
      },
      "cmake": {
        "pkg-path": "cmake"
      },
      "compiler-rt-libc": {
        "pkg-path": "llvmPackages_17.compiler-rt-libc"
      },
      "delta": {
        "pkg-path": "delta"
      },
      "eza": {
        "pkg-path": "eza"
      },
      "fzf": {
        "pkg-path": "fzf"
      },
      "gh": {
        "pkg-path": "gh"
      },
      "git": {
        "pkg-path": "git"
      },
      "gnumake": {
        "pkg-path": "gnumake"
      },
      "libcxx": {
        "pkg-path": "llvmPackages_17.libcxx"
      },
      "libcxxClang": {
        "pkg-path": "llvmPackages_17.libcxxClang"
      },
      "libcxxabi": {
        "pkg-path": "llvmPackages_17.libcxxabi"
      },
      "libunwind": {
        "pkg-path": "llvmPackages_17.libunwind"
      },
      "lld": {
        "pkg-path": "llvmPackages_17.lld"
      },
      "lldb": {
        "pkg-path": "llvmPackages_17.lldb"
      },
      "lua-language-server": {
        "pkg-path": "lua-language-server"
      },
      "neovim": {
        "pkg-path": "neovim"
      },
      "nodejs_21": {
        "pkg-path": "nodejs_21"
      },
      "ripgrep": {
        "pkg-path": "ripgrep"
      },
      "tmux": {
        "pkg-path": "tmux"
      },
      "unzip": {
        "pkg-path": "unzip"
      },
      "zsh": {
        "pkg-path": "zsh"
      }
    },
    "options": {
      "systems": [
        "x86_64-linux"
      ]
    },
    "registry": {
      "defaults": {
        "subtrees": null
      },
      "inputs": {
        "nixpkgs": {
          "from": {
            "owner": "NixOS",
            "ref": "release-23.11",
            "repo": "nixpkgs",
            "type": "github"
          },
          "subtrees": [
            "legacyPackages"
          ]
        }
      },
      "priority": [
        "nixpkgs"
      ]
    },
    "vars": {
      "EDITOR": "nvim",
      "GH_EDITOR": "nvim",
      "VISUAL": "nvim"
    }
  },
  "packages": {
    "x86_64-linux": {
      "chezmoi": {
        "attr-path": [
          "legacyPackages",
          "x86_64-linux",
          "chezmoi"
        ],
        "info": {
          "broken": false,
          "description": "Manage your dotfiles across multiple machines, securely",
          "license": "MIT",
          "pname": "chezmoi",
          "unfree": false,
          "version": "2.40.4"
        },
        "input": {
          "attrs": {
            "lastModified": 1710613021,
            "narHash": "sha256-1N4xaH1AR/WZLUwq+zgB/VsG4LEc00nhYsykxflw/pM=",
            "owner": "NixOS",
            "repo": "nixpkgs",
            "rev": "a37f1e8b22777d0f9732e8deb43b40fb5029c16a",
            "type": "github"
          },
          "fingerprint": "a5fb536d3d7b215086244b786d33941242c4d2c5ad81e68a62633b69b8202edc",
          "url": "github:NixOS/nixpkgs/a37f1e8b22777d0f9732e8deb43b40fb5029c16a"
        },
        "priority": 5
      },
      "clang-tools_17": {
        "attr-path": [
          "legacyPackages",
          "x86_64-linux",
          "clang-tools_17"
        ],
        "info": {
          "broken": false,
          "description": "Standalone command line tools for C++ development",
          "license": "NCSA",
          "pname": "clang-tools",
          "unfree": false,
          "version": "17.0.6"
        },
        "input": {
          "attrs": {
            "lastModified": 1710613021,
            "narHash": "sha256-1N4xaH1AR/WZLUwq+zgB/VsG4LEc00nhYsykxflw/pM=",
            "owner": "NixOS",
            "repo": "nixpkgs",
            "rev": "a37f1e8b22777d0f9732e8deb43b40fb5029c16a",
            "type": "github"
          },
          "fingerprint": "a5fb536d3d7b215086244b786d33941242c4d2c5ad81e68a62633b69b8202edc",
          "url": "github:NixOS/nixpkgs/a37f1e8b22777d0f9732e8deb43b40fb5029c16a"
        },
        "priority": 5
      },
      "cmake": {
        "attr-path": [
          "legacyPackages",
          "x86_64-linux",
          "cmake"
        ],
        "info": {
          "broken": false,
          "description": "Cross-platform, open-source build system generator",
          "license": "BSD-3-Clause",
          "pname": "cmake",
          "unfree": false,
          "version": "3.27.7"
        },
        "input": {
          "attrs": {
            "lastModified": 1710613021,
            "narHash": "sha256-1N4xaH1AR/WZLUwq+zgB/VsG4LEc00nhYsykxflw/pM=",
            "owner": "NixOS",
            "repo": "nixpkgs",
            "rev": "a37f1e8b22777d0f9732e8deb43b40fb5029c16a",
            "type": "github"
          },
          "fingerprint": "a5fb536d3d7b215086244b786d33941242c4d2c5ad81e68a62633b69b8202edc",
          "url": "github:NixOS/nixpkgs/a37f1e8b22777d0f9732e8deb43b40fb5029c16a"
        },
        "priority": 5
      },
      "compiler-rt-libc": {
        "attr-path": [
          "legacyPackages",
          "x86_64-linux",
          "llvmPackages_17",
          "compiler-rt-libc"
        ],
        "info": {
          "broken": false,
          "description": "Compiler runtime libraries",
          "license": null,
          "pname": "compiler-rt-libc",
          "unfree": false,
          "version": "17.0.6"
        },
        "input": {
          "attrs": {
            "lastModified": 1710613021,
            "narHash": "sha256-1N4xaH1AR/WZLUwq+zgB/VsG4LEc00nhYsykxflw/pM=",
            "owner": "NixOS",
            "repo": "nixpkgs",
            "rev": "a37f1e8b22777d0f9732e8deb43b40fb5029c16a",
            "type": "github"
          },
          "fingerprint": "a5fb536d3d7b215086244b786d33941242c4d2c5ad81e68a62633b69b8202edc",
          "url": "github:NixOS/nixpkgs/a37f1e8b22777d0f9732e8deb43b40fb5029c16a"
        },
        "priority": 5
      },
      "delta": {
        "attr-path": [
          "legacyPackages",
          "x86_64-linux",
          "delta"
        ],
        "info": {
          "broken": false,
          "description": "A syntax-highlighting pager for git",
          "license": "MIT",
          "pname": "delta",
          "unfree": false,
          "version": "0.16.5"
        },
        "input": {
          "attrs": {
            "lastModified": 1710613021,
            "narHash": "sha256-1N4xaH1AR/WZLUwq+zgB/VsG4LEc00nhYsykxflw/pM=",
            "owner": "NixOS",
            "repo": "nixpkgs",
            "rev": "a37f1e8b22777d0f9732e8deb43b40fb5029c16a",
            "type": "github"
          },
          "fingerprint": "a5fb536d3d7b215086244b786d33941242c4d2c5ad81e68a62633b69b8202edc",
          "url": "github:NixOS/nixpkgs/a37f1e8b22777d0f9732e8deb43b40fb5029c16a"
        },
        "priority": 5
      },
      "eza": {
        "attr-path": [
          "legacyPackages",
          "x86_64-linux",
          "eza"
        ],
        "info": {
          "broken": false,
          "description": "A modern, maintained replacement for ls",
          "license": "MIT",
          "pname": "eza",
          "unfree": false,
          "version": "0.18.2"
        },
        "input": {
          "attrs": {
            "lastModified": 1710613021,
            "narHash": "sha256-1N4xaH1AR/WZLUwq+zgB/VsG4LEc00nhYsykxflw/pM=",
            "owner": "NixOS",
            "repo": "nixpkgs",
            "rev": "a37f1e8b22777d0f9732e8deb43b40fb5029c16a",
            "type": "github"
          },
          "fingerprint": "a5fb536d3d7b215086244b786d33941242c4d2c5ad81e68a62633b69b8202edc",
          "url": "github:NixOS/nixpkgs/a37f1e8b22777d0f9732e8deb43b40fb5029c16a"
        },
        "priority": 5
      },
      "fzf": {
        "attr-path": [
          "legacyPackages",
          "x86_64-linux",
          "fzf"
        ],
        "info": {
          "broken": false,
          "description": "A command-line fuzzy finder written in Go",
          "license": "MIT",
          "pname": "fzf",
          "unfree": false,
          "version": "0.45.0"
        },
        "input": {
          "attrs": {
            "lastModified": 1710613021,
            "narHash": "sha256-1N4xaH1AR/WZLUwq+zgB/VsG4LEc00nhYsykxflw/pM=",
            "owner": "NixOS",
            "repo": "nixpkgs",
            "rev": "a37f1e8b22777d0f9732e8deb43b40fb5029c16a",
            "type": "github"
          },
          "fingerprint": "a5fb536d3d7b215086244b786d33941242c4d2c5ad81e68a62633b69b8202edc",
          "url": "github:NixOS/nixpkgs/a37f1e8b22777d0f9732e8deb43b40fb5029c16a"
        },
        "priority": 5
      },
      "gh": {
        "attr-path": [
          "legacyPackages",
          "x86_64-linux",
          "gh"
        ],
        "info": {
          "broken": false,
          "description": "GitHub CLI tool",
          "license": "MIT",
          "pname": "gh",
          "unfree": false,
          "version": "2.39.2"
        },
        "input": {
          "attrs": {
            "lastModified": 1710613021,
            "narHash": "sha256-1N4xaH1AR/WZLUwq+zgB/VsG4LEc00nhYsykxflw/pM=",
            "owner": "NixOS",
            "repo": "nixpkgs",
            "rev": "a37f1e8b22777d0f9732e8deb43b40fb5029c16a",
            "type": "github"
          },
          "fingerprint": "a5fb536d3d7b215086244b786d33941242c4d2c5ad81e68a62633b69b8202edc",
          "url": "github:NixOS/nixpkgs/a37f1e8b22777d0f9732e8deb43b40fb5029c16a"
        },
        "priority": 5
      },
      "git": {
        "attr-path": [
          "legacyPackages",
          "x86_64-linux",
          "git"
        ],
        "info": {
          "broken": false,
          "description": "Distributed version control system",
          "license": "GPL-2.0",
          "pname": "git",
          "unfree": false,
          "version": "2.42.0"
        },
        "input": {
          "attrs": {
            "lastModified": 1710613021,
            "narHash": "sha256-1N4xaH1AR/WZLUwq+zgB/VsG4LEc00nhYsykxflw/pM=",
            "owner": "NixOS",
            "repo": "nixpkgs",
            "rev": "a37f1e8b22777d0f9732e8deb43b40fb5029c16a",
            "type": "github"
          },
          "fingerprint": "a5fb536d3d7b215086244b786d33941242c4d2c5ad81e68a62633b69b8202edc",
          "url": "github:NixOS/nixpkgs/a37f1e8b22777d0f9732e8deb43b40fb5029c16a"
        },
        "priority": 5
      },
      "gnumake": {
        "attr-path": [
          "legacyPackages",
          "x86_64-linux",
          "gnumake"
        ],
        "info": {
          "broken": false,
          "description": "A tool to control the generation of non-source files from sources",
          "license": "GPL-3.0-or-later",
          "pname": "gnumake",
          "unfree": false,
          "version": "4.4.1"
        },
        "input": {
          "attrs": {
            "lastModified": 1710613021,
            "narHash": "sha256-1N4xaH1AR/WZLUwq+zgB/VsG4LEc00nhYsykxflw/pM=",
            "owner": "NixOS",
            "repo": "nixpkgs",
            "rev": "a37f1e8b22777d0f9732e8deb43b40fb5029c16a",
            "type": "github"
          },
          "fingerprint": "a5fb536d3d7b215086244b786d33941242c4d2c5ad81e68a62633b69b8202edc",
          "url": "github:NixOS/nixpkgs/a37f1e8b22777d0f9732e8deb43b40fb5029c16a"
        },
        "priority": 5
      },
      "libcxx": {
        "attr-path": [
          "legacyPackages",
          "x86_64-linux",
          "llvmPackages_17",
          "libcxx"
        ],
        "info": {
          "broken": false,
          "description": "C++ standard library",
          "license": null,
          "pname": "libcxx",
          "unfree": false,
          "version": "17.0.6"
        },
        "input": {
          "attrs": {
            "lastModified": 1710613021,
            "narHash": "sha256-1N4xaH1AR/WZLUwq+zgB/VsG4LEc00nhYsykxflw/pM=",
            "owner": "NixOS",
            "repo": "nixpkgs",
            "rev": "a37f1e8b22777d0f9732e8deb43b40fb5029c16a",
            "type": "github"
          },
          "fingerprint": "a5fb536d3d7b215086244b786d33941242c4d2c5ad81e68a62633b69b8202edc",
          "url": "github:NixOS/nixpkgs/a37f1e8b22777d0f9732e8deb43b40fb5029c16a"
        },
        "priority": 5
      },
      "libcxxClang": {
        "attr-path": [
          "legacyPackages",
          "x86_64-linux",
          "llvmPackages_17",
          "libcxxClang"
        ],
        "info": {
          "broken": false,
          "description": "A C language family frontend for LLVM (wrapper script)",
          "license": "NCSA",
          "pname": "clang-wrapper",
          "unfree": false,
          "version": "17.0.6"
        },
        "input": {
          "attrs": {
            "lastModified": 1710613021,
            "narHash": "sha256-1N4xaH1AR/WZLUwq+zgB/VsG4LEc00nhYsykxflw/pM=",
            "owner": "NixOS",
            "repo": "nixpkgs",
            "rev": "a37f1e8b22777d0f9732e8deb43b40fb5029c16a",
            "type": "github"
          },
          "fingerprint": "a5fb536d3d7b215086244b786d33941242c4d2c5ad81e68a62633b69b8202edc",
          "url": "github:NixOS/nixpkgs/a37f1e8b22777d0f9732e8deb43b40fb5029c16a"
        },
        "priority": 5
      },
      "libcxxabi": {
        "attr-path": [
          "legacyPackages",
          "x86_64-linux",
          "llvmPackages_17",
          "libcxxabi"
        ],
        "info": {
          "broken": false,
          "description": "Provides C++ standard library support",
          "license": null,
          "pname": "libcxxabi",
          "unfree": false,
          "version": "17.0.6"
        },
        "input": {
          "attrs": {
            "lastModified": 1710613021,
            "narHash": "sha256-1N4xaH1AR/WZLUwq+zgB/VsG4LEc00nhYsykxflw/pM=",
            "owner": "NixOS",
            "repo": "nixpkgs",
            "rev": "a37f1e8b22777d0f9732e8deb43b40fb5029c16a",
            "type": "github"
          },
          "fingerprint": "a5fb536d3d7b215086244b786d33941242c4d2c5ad81e68a62633b69b8202edc",
          "url": "github:NixOS/nixpkgs/a37f1e8b22777d0f9732e8deb43b40fb5029c16a"
        },
        "priority": 5
      },
      "libunwind": {
        "attr-path": [
          "legacyPackages",
          "x86_64-linux",
          "llvmPackages_17",
          "libunwind"
        ],
        "info": {
          "broken": false,
          "description": "LLVM's unwinder library",
          "license": "NCSA",
          "pname": "libunwind",
          "unfree": false,
          "version": "17.0.6"
        },
        "input": {
          "attrs": {
            "lastModified": 1710613021,
            "narHash": "sha256-1N4xaH1AR/WZLUwq+zgB/VsG4LEc00nhYsykxflw/pM=",
            "owner": "NixOS",
            "repo": "nixpkgs",
            "rev": "a37f1e8b22777d0f9732e8deb43b40fb5029c16a",
            "type": "github"
          },
          "fingerprint": "a5fb536d3d7b215086244b786d33941242c4d2c5ad81e68a62633b69b8202edc",
          "url": "github:NixOS/nixpkgs/a37f1e8b22777d0f9732e8deb43b40fb5029c16a"
        },
        "priority": 5
      },
      "lld": {
        "attr-path": [
          "legacyPackages",
          "x86_64-linux",
          "llvmPackages_17",
          "lld"
        ],
        "info": {
          "broken": false,
          "description": "The LLVM linker (unwrapped)",
          "license": "NCSA",
          "pname": "lld",
          "unfree": false,
          "version": "17.0.6"
        },
        "input": {
          "attrs": {
            "lastModified": 1710613021,
            "narHash": "sha256-1N4xaH1AR/WZLUwq+zgB/VsG4LEc00nhYsykxflw/pM=",
            "owner": "NixOS",
            "repo": "nixpkgs",
            "rev": "a37f1e8b22777d0f9732e8deb43b40fb5029c16a",
            "type": "github"
          },
          "fingerprint": "a5fb536d3d7b215086244b786d33941242c4d2c5ad81e68a62633b69b8202edc",
          "url": "github:NixOS/nixpkgs/a37f1e8b22777d0f9732e8deb43b40fb5029c16a"
        },
        "priority": 5
      },
      "lldb": {
        "attr-path": [
          "legacyPackages",
          "x86_64-linux",
          "llvmPackages_17",
          "lldb"
        ],
        "info": {
          "broken": false,
          "description": "A next-generation high-performance debugger",
          "license": "NCSA",
          "pname": "lldb",
          "unfree": false,
          "version": "17.0.6"
        },
        "input": {
          "attrs": {
            "lastModified": 1710613021,
            "narHash": "sha256-1N4xaH1AR/WZLUwq+zgB/VsG4LEc00nhYsykxflw/pM=",
            "owner": "NixOS",
            "repo": "nixpkgs",
            "rev": "a37f1e8b22777d0f9732e8deb43b40fb5029c16a",
            "type": "github"
          },
          "fingerprint": "a5fb536d3d7b215086244b786d33941242c4d2c5ad81e68a62633b69b8202edc",
          "url": "github:NixOS/nixpkgs/a37f1e8b22777d0f9732e8deb43b40fb5029c16a"
        },
        "priority": 5
      },
      "lua-language-server": {
        "attr-path": [
          "legacyPackages",
          "x86_64-linux",
          "lua-language-server"
        ],
        "info": {
          "broken": false,
          "description": "A language server that offers Lua language support",
          "license": "MIT",
          "pname": "lua-language-server",
          "unfree": false,
          "version": "3.7.3"
        },
        "input": {
          "attrs": {
            "lastModified": 1710613021,
            "narHash": "sha256-1N4xaH1AR/WZLUwq+zgB/VsG4LEc00nhYsykxflw/pM=",
            "owner": "NixOS",
            "repo": "nixpkgs",
            "rev": "a37f1e8b22777d0f9732e8deb43b40fb5029c16a",
            "type": "github"
          },
          "fingerprint": "a5fb536d3d7b215086244b786d33941242c4d2c5ad81e68a62633b69b8202edc",
          "url": "github:NixOS/nixpkgs/a37f1e8b22777d0f9732e8deb43b40fb5029c16a"
        },
        "priority": 5
      },
      "neovim": {
        "attr-path": [
          "legacyPackages",
          "x86_64-linux",
          "neovim"
        ],
        "info": {
          "broken": false,
          "description": "Vim text editor fork focused on extensibility and agility",
          "license": null,
          "pname": "neovim",
          "unfree": false,
          "version": "0.9.4"
        },
        "input": {
          "attrs": {
            "lastModified": 1710613021,
            "narHash": "sha256-1N4xaH1AR/WZLUwq+zgB/VsG4LEc00nhYsykxflw/pM=",
            "owner": "NixOS",
            "repo": "nixpkgs",
            "rev": "a37f1e8b22777d0f9732e8deb43b40fb5029c16a",
            "type": "github"
          },
          "fingerprint": "a5fb536d3d7b215086244b786d33941242c4d2c5ad81e68a62633b69b8202edc",
          "url": "github:NixOS/nixpkgs/a37f1e8b22777d0f9732e8deb43b40fb5029c16a"
        },
        "priority": 5
      },
      "nodejs_21": {
        "attr-path": [
          "legacyPackages",
          "x86_64-linux",
          "nodejs_21"
        ],
        "info": {
          "broken": false,
          "description": "Event-driven I/O framework for the V8 JavaScript engine",
          "license": "MIT",
          "pname": "nodejs",
          "unfree": false,
          "version": "21.6.2"
        },
        "input": {
          "attrs": {
            "lastModified": 1710613021,
            "narHash": "sha256-1N4xaH1AR/WZLUwq+zgB/VsG4LEc00nhYsykxflw/pM=",
            "owner": "NixOS",
            "repo": "nixpkgs",
            "rev": "a37f1e8b22777d0f9732e8deb43b40fb5029c16a",
            "type": "github"
          },
          "fingerprint": "a5fb536d3d7b215086244b786d33941242c4d2c5ad81e68a62633b69b8202edc",
          "url": "github:NixOS/nixpkgs/a37f1e8b22777d0f9732e8deb43b40fb5029c16a"
        },
        "priority": 5
      },
      "ripgrep": {
        "attr-path": [
          "legacyPackages",
          "x86_64-linux",
          "ripgrep"
        ],
        "info": {
          "broken": false,
          "description": "A utility that combines the usability of The Silver Searcher with the raw speed of grep",
          "license": null,
          "pname": "ripgrep",
          "unfree": false,
          "version": "13.0.0"
        },
        "input": {
          "attrs": {
            "lastModified": 1710613021,
            "narHash": "sha256-1N4xaH1AR/WZLUwq+zgB/VsG4LEc00nhYsykxflw/pM=",
            "owner": "NixOS",
            "repo": "nixpkgs",
            "rev": "a37f1e8b22777d0f9732e8deb43b40fb5029c16a",
            "type": "github"
          },
          "fingerprint": "a5fb536d3d7b215086244b786d33941242c4d2c5ad81e68a62633b69b8202edc",
          "url": "github:NixOS/nixpkgs/a37f1e8b22777d0f9732e8deb43b40fb5029c16a"
        },
        "priority": 5
      },
      "tmux": {
        "attr-path": [
          "legacyPackages",
          "x86_64-linux",
          "tmux"
        ],
        "info": {
          "broken": false,
          "description": "Terminal multiplexer",
          "license": "BSD-3-Clause",
          "pname": "tmux",
          "unfree": false,
          "version": "3.3a"
        },
        "input": {
          "attrs": {
            "lastModified": 1710613021,
            "narHash": "sha256-1N4xaH1AR/WZLUwq+zgB/VsG4LEc00nhYsykxflw/pM=",
            "owner": "NixOS",
            "repo": "nixpkgs",
            "rev": "a37f1e8b22777d0f9732e8deb43b40fb5029c16a",
            "type": "github"
          },
          "fingerprint": "a5fb536d3d7b215086244b786d33941242c4d2c5ad81e68a62633b69b8202edc",
          "url": "github:NixOS/nixpkgs/a37f1e8b22777d0f9732e8deb43b40fb5029c16a"
        },
        "priority": 5
      },
      "unzip": {
        "attr-path": [
          "legacyPackages",
          "x86_64-linux",
          "unzip"
        ],
        "info": {
          "broken": false,
          "description": "An extraction utility for archives compressed in .zip format",
          "license": null,
          "pname": "unzip",
          "unfree": false,
          "version": "6.0"
        },
        "input": {
          "attrs": {
            "lastModified": 1710613021,
            "narHash": "sha256-1N4xaH1AR/WZLUwq+zgB/VsG4LEc00nhYsykxflw/pM=",
            "owner": "NixOS",
            "repo": "nixpkgs",
            "rev": "a37f1e8b22777d0f9732e8deb43b40fb5029c16a",
            "type": "github"
          },
          "fingerprint": "a5fb536d3d7b215086244b786d33941242c4d2c5ad81e68a62633b69b8202edc",
          "url": "github:NixOS/nixpkgs/a37f1e8b22777d0f9732e8deb43b40fb5029c16a"
        },
        "priority": 5
      },
      "zsh": {
        "attr-path": [
          "legacyPackages",
          "x86_64-linux",
          "zsh"
        ],
        "info": {
          "broken": false,
          "description": "The Z shell",
          "license": null,
          "pname": "zsh",
          "unfree": false,
          "version": "5.9"
        },
        "input": {
          "attrs": {
            "lastModified": 1710613021,
            "narHash": "sha256-1N4xaH1AR/WZLUwq+zgB/VsG4LEc00nhYsykxflw/pM=",
            "owner": "NixOS",
            "repo": "nixpkgs",
            "rev": "a37f1e8b22777d0f9732e8deb43b40fb5029c16a",
            "type": "github"
          },
          "fingerprint": "a5fb536d3d7b215086244b786d33941242c4d2c5ad81e68a62633b69b8202edc",
          "url": "github:NixOS/nixpkgs/a37f1e8b22777d0f9732e8deb43b40fb5029c16a"
        },
        "priority": 5
      }
    }
  },
  "registry": {
    "defaults": {
      "subtrees": null
    },
    "inputs": {
      "nixpkgs": {
        "from": {
          "lastModified": 1710613021,
          "narHash": "sha256-1N4xaH1AR/WZLUwq+zgB/VsG4LEc00nhYsykxflw/pM=",
          "owner": "NixOS",
          "repo": "nixpkgs",
          "rev": "a37f1e8b22777d0f9732e8deb43b40fb5029c16a",
          "type": "github"
        },
        "subtrees": [
          "legacyPackages"
        ]
      }
    },
    "priority": [
      "nixpkgs"
    ]
  }
}